// !$*UTF8*$!
{
	archiveVersion = 1;
	classes = {
	};
	objectVersion = 48;
	objects = {

/* Begin PBXBuildFile section */
		0A6099522F41E4E18DEA5821 /* Pods_MiWeiApp.framework in Frameworks */ = {isa = PBXBuildFile; fileRef = 9CCE9853DA6CC4B795B740BA /* Pods_MiWeiApp.framework */; };
		7A653A95202312D1005100BC /* AppDelegate.swift in Sources */ = {isa = PBXBuildFile; fileRef = 7A653A94202312D1005100BC /* AppDelegate.swift */; };
		7A653A97202312D1005100BC /* ViewController.swift in Sources */ = {isa = PBXBuildFile; fileRef = 7A653A96202312D1005100BC /* ViewController.swift */; };
		7A653A9A202312D1005100BC /* Main.storyboard in Resources */ = {isa = PBXBuildFile; fileRef = 7A653A98202312D1005100BC /* Main.storyboard */; };
		7A653A9C202312D1005100BC /* Assets.xcassets in Resources */ = {isa = PBXBuildFile; fileRef = 7A653A9B202312D1005100BC /* Assets.xcassets */; };
		7A653A9F202312D1005100BC /* LaunchScreen.storyboard in Resources */ = {isa = PBXBuildFile; fileRef = 7A653A9D202312D1005100BC /* LaunchScreen.storyboard */; };
/* End PBXBuildFile section */

/* Begin PBXFileReference section */
		5E4BDA42772DA8D4686C0C60 /* Pods-MiWeiApp.release.xcconfig */ = {isa = PBXFileReference; includeInIndex = 1; lastKnownFileType = text.xcconfig; name = "Pods-MiWeiApp.release.xcconfig"; path = "Pods/Target Support Files/Pods-MiWeiApp/Pods-MiWeiApp.release.xcconfig"; sourceTree = "<group>"; };
		7A653A91202312D1005100BC /* MiWeiApp.app */ = {isa = PBXFileReference; explicitFileType = wrapper.application; includeInIndex = 0; path = MiWeiApp.app; sourceTree = BUILT_PRODUCTS_DIR; };
		7A653A94202312D1005100BC /* AppDelegate.swift */ = {isa = PBXFileReference; lastKnownFileType = sourcecode.swift; path = AppDelegate.swift; sourceTree = "<group>"; };
		7A653A96202312D1005100BC /* ViewController.swift */ = {isa = PBXFileReference; lastKnownFileType = sourcecode.swift; path = ViewController.swift; sourceTree = "<group>"; };
		7A653A99202312D1005100BC /* Base */ = {isa = PBXFileReference; lastKnownFileType = file.storyboard; name = Base; path = Base.lproj/Main.storyboard; sourceTree = "<group>"; };
		7A653A9B202312D1005100BC /* Assets.xcassets */ = {isa = PBXFileReference; lastKnownFileType = folder.assetcatalog; path = Assets.xcassets; sourceTree = "<group>"; };
		7A653A9E202312D1005100BC /* Base */ = {isa = PBXFileReference; lastKnownFileType = file.storyboard; name = Base; path = Base.lproj/LaunchScreen.storyboard; sourceTree = "<group>"; };
		7A653AA0202312D1005100BC /* Info.plist */ = {isa = PBXFileReference; lastKnownFileType = text.plist.xml; path = Info.plist; sourceTree = "<group>"; };
		88F6D6DCFB665824F21C146C /* Pods-MiWeiApp.debug.xcconfig */ = {isa = PBXFileReference; includeInIndex = 1; lastKnownFileType = text.xcconfig; name = "Pods-MiWeiApp.debug.xcconfig"; path = "Pods/Target Support Files/Pods-MiWeiApp/Pods-MiWeiApp.debug.xcconfig"; sourceTree = "<group>"; };
		9CCE9853DA6CC4B795B740BA /* Pods_MiWeiApp.framework */ = {isa = PBXFileReference; explicitFileType = wrapper.framework; includeInIndex = 0; path = Pods_MiWeiApp.framework; sourceTree = BUILT_PRODUCTS_DIR; };
/* End PBXFileReference section */

/* Begin PBXFrameworksBuildPhase section */
		7A653A8E202312D0005100BC /* Frameworks */ = {
			isa = PBXFrameworksBuildPhase;
			buildActionMask = 2147483647;
			files = (
				0A6099522F41E4E18DEA5821 /* Pods_MiWeiApp.framework in Frameworks */,
			);
			runOnlyForDeploymentPostprocessing = 0;
		};
/* End PBXFrameworksBuildPhase section */

/* Begin PBXGroup section */
		3D35A6FC408A72D412BBD541 /* Frameworks */ = {
			isa = PBXGroup;
			children = (
				9CCE9853DA6CC4B795B740BA /* Pods_MiWeiApp.framework */,
			);
			name = Frameworks;
			sourceTree = "<group>";
		};
		7A653A88202312D0005100BC = {
			isa = PBXGroup;
			children = (
				7A653A93202312D1005100BC /* MiWeiApp */,
				7A653A92202312D1005100BC /* Products */,
				C0B4DF75769466AE2E879B21 /* Pods */,
				3D35A6FC408A72D412BBD541 /* Frameworks */,
			);
			sourceTree = "<group>";
		};
		7A653A92202312D1005100BC /* Products */ = {
			isa = PBXGroup;
			children = (
				7A653A91202312D1005100BC /* MiWeiApp.app */,
			);
			name = Products;
			sourceTree = "<group>";
		};
		7A653A93202312D1005100BC /* MiWeiApp */ = {
			isa = PBXGroup;
			children = (
				7A653A94202312D1005100BC /* AppDelegate.swift */,
				7A653A96202312D1005100BC /* ViewController.swift */,
				7A653A98202312D1005100BC /* Main.storyboard */,
				7A653A9B202312D1005100BC /* Assets.xcassets */,
				7A653A9D202312D1005100BC /* LaunchScreen.storyboard */,
				7A653AA0202312D1005100BC /* Info.plist */,
			);
			path = MiWeiApp;
			sourceTree = "<group>";
		};
		C0B4DF75769466AE2E879B21 /* Pods */ = {
			isa = PBXGroup;
			children = (
				88F6D6DCFB665824F21C146C /* Pods-MiWeiApp.debug.xcconfig */,
				5E4BDA42772DA8D4686C0C60 /* Pods-MiWeiApp.release.xcconfig */,
			);
			name = Pods;
			sourceTree = "<group>";
		};
/* End PBXGroup section */

/* Begin PBXNativeTarget section */
		7A653A90202312D0005100BC /* MiWeiApp */ = {
			isa = PBXNativeTarget;
			buildConfigurationList = 7A653AA3202312D1005100BC /* Build configuration list for PBXNativeTarget "MiWeiApp" */;
			buildPhases = (
				2946F44B616416E2E13B4EFD /* [CP] Check Pods Manifest.lock */,
				7A653A8D202312D0005100BC /* Sources */,
				7A653A8E202312D0005100BC /* Frameworks */,
				7A653A8F202312D0005100BC /* Resources */,
				34D2369B86DE93862CCFF57C /* [CP] Embed Pods Frameworks */,
				672F4C9995FCE83C24B764A5 /* [CP] Copy Pods Resources */,
			);
			buildRules = (
			);
			dependencies = (
			);
			name = MiWeiApp;
			productName = MiWeiApp;
			productReference = 7A653A91202312D1005100BC /* MiWeiApp.app */;
			productType = "com.apple.product-type.application";
		};
/* End PBXNativeTarget section */

/* Begin PBXProject section */
		7A653A89202312D0005100BC /* Project object */ = {
			isa = PBXProject;
			attributes = {
				LastSwiftUpdateCheck = 0920;
				LastUpgradeCheck = 0920;
				ORGANIZATIONNAME = "肖伟";
				TargetAttributes = {
					7A653A90202312D0005100BC = {
						CreatedOnToolsVersion = 9.2;
						ProvisioningStyle = Automatic;
					};
				};
			};
			buildConfigurationList = 7A653A8C202312D0005100BC /* Build configuration list for PBXProject "MiWeiApp" */;
			compatibilityVersion = "Xcode 8.0";
			developmentRegion = en;
			hasScannedForEncodings = 0;
			knownRegions = (
				en,
				Base,
			);
			mainGroup = 7A653A88202312D0005100BC;
			productRefGroup = 7A653A92202312D1005100BC /* Products */;
			projectDirPath = "";
			projectRoot = "";
			targets = (
				7A653A90202312D0005100BC /* MiWeiApp */,
			);
		};
/* End PBXProject section */

/* Begin PBXResourcesBuildPhase section */
		7A653A8F202312D0005100BC /* Resources */ = {
			isa = PBXResourcesBuildPhase;
			buildActionMask = 2147483647;
			files = (
				7A653A9F202312D1005100BC /* LaunchScreen.storyboard in Resources */,
				7A653A9C202312D1005100BC /* Assets.xcassets in Resources */,
				7A653A9A202312D1005100BC /* Main.storyboard in Resources */,
			);
			runOnlyForDeploymentPostprocessing = 0;
		};
/* End PBXResourcesBuildPhase section */

/* Begin PBXShellScriptBuildPhase section */
		2946F44B616416E2E13B4EFD /* [CP] Check Pods Manifest.lock */ = {
			isa = PBXShellScriptBuildPhase;
			buildActionMask = 2147483647;
			files = (
			);
			inputPaths = (
				"${PODS_PODFILE_DIR_PATH}/Podfile.lock",
				"${PODS_ROOT}/Manifest.lock",
			);
			name = "[CP] Check Pods Manifest.lock";
			outputPaths = (
				"$(DERIVED_FILE_DIR)/Pods-MiWeiApp-checkManifestLockResult.txt",
			);
			runOnlyForDeploymentPostprocessing = 0;
			shellPath = /bin/sh;
			shellScript = "diff \"${PODS_PODFILE_DIR_PATH}/Podfile.lock\" \"${PODS_ROOT}/Manifest.lock\" > /dev/null\nif [ $? != 0 ] ; then\n    # print error to STDERR\n    echo \"error: The sandbox is not in sync with the Podfile.lock. Run 'pod install' or update your CocoaPods installation.\" >&2\n    exit 1\nfi\n# This output is used by Xcode 'outputs' to avoid re-running this script phase.\necho \"SUCCESS\" > \"${SCRIPT_OUTPUT_FILE_0}\"\n";
			showEnvVarsInLog = 0;
		};
		34D2369B86DE93862CCFF57C /* [CP] Embed Pods Frameworks */ = {
			isa = PBXShellScriptBuildPhase;
			buildActionMask = 2147483647;
			files = (
			);
			inputPaths = (
				"${SRCROOT}/Pods/Target Support Files/Pods-MiWeiApp/Pods-MiWeiApp-frameworks.sh",
				"${BUILT_PRODUCTS_DIR}/Alamofire/Alamofire.framework",
				"${BUILT_PRODUCTS_DIR}/HandyJSON/HandyJSON.framework",
				"${BUILT_PRODUCTS_DIR}/SnapKit/SnapKit.framework",
			);
			name = "[CP] Embed Pods Frameworks";
			outputPaths = (
				"${TARGET_BUILD_DIR}/${FRAMEWORKS_FOLDER_PATH}/Alamofire.framework",
				"${TARGET_BUILD_DIR}/${FRAMEWORKS_FOLDER_PATH}/HandyJSON.framework",
				"${TARGET_BUILD_DIR}/${FRAMEWORKS_FOLDER_PATH}/SnapKit.framework",
			);
			runOnlyForDeploymentPostprocessing = 0;
			shellPath = /bin/sh;
			shellScript = "\"${SRCROOT}/Pods/Target Support Files/Pods-MiWeiApp/Pods-MiWeiApp-frameworks.sh\"\n";
			showEnvVarsInLog = 0;
		};
		672F4C9995FCE83C24B764A5 /* [CP] Copy Pods Resources */ = {
			isa = PBXShellScriptBuildPhase;
			buildActionMask = 2147483647;
			files = (
			);
			inputPaths = (
			);
			name = "[CP] Copy Pods Resources";
			outputPaths = (
			);
			runOnlyForDeploymentPostprocessing = 0;
			shellPath = /bin/sh;
			shellScript = "\"${SRCROOT}/Pods/Target Support Files/Pods-MiWeiApp/Pods-MiWeiApp-resources.sh\"\n";
			showEnvVarsInLog = 0;
		};
/* End PBXShellScriptBuildPhase section */

/* Begin PBXSourcesBuildPhase section */
		7A653A8D202312D0005100BC /* Sources */ = {
			isa = PBXSourcesBuildPhase;
			buildActionMask = 2147483647;
			files = (
				7A653A97202312D1005100BC /* ViewController.swift in Sources */,
				7A653A95202312D1005100BC /* AppDelegate.swift in Sources */,
			);
			runOnlyForDeploymentPostprocessing = 0;
		};
/* End PBXSourcesBuildPhase section */

/* Begin PBXVariantGroup section */
		7A653A98202312D1005100BC /* Main.storyboard */ = {
			isa = PBXVariantGroup;
			children = (
				7A653A99202312D1005100BC /* Base */,
			);
			name = Main.storyboard;
			sourceTree = "<group>";
		};
		7A653A9D202312D1005100BC /* LaunchScreen.storyboard */ = {
			isa = PBXVariantGroup;
			children = (
				7A653A9E202312D1005100BC /* Base */,
			);
			name = LaunchScreen.storyboard;
			sourceTree = "<group>";
		};
/* End PBXVariantGroup section */

/* Begin XCBuildConfiguration section */
		7A653AA1202312D1005100BC /* Debug */ = {
			isa = XCBuildConfiguration;
			buildSettings = {
				ALWAYS_SEARCH_USER_PATHS = NO;
				CLANG_ANALYZER_NONNULL = YES;
				CLANG_ANALYZER_NUMBER_OBJECT_CONVERSION = YES_AGGRESSIVE;
				CLANG_CXX_LANGUAGE_STANDARD = "gnu++14";
				CLANG_CXX_LIBRARY = "libc++";
				CLANG_ENABLE_MODULES = YES;
				CLANG_ENABLE_OBJC_ARC = YES;
				CLANG_WARN_BLOCK_CAPTURE_AUTORELEASING = YES;
				CLANG_WARN_BOOL_CONVERSION = YES;
				CLANG_WARN_COMMA = YES;
				CLANG_WARN_CONSTANT_CONVERSION = YES;
				CLANG_WARN_DIRECT_OBJC_ISA_USAGE = YES_ERROR;
				CLANG_WARN_DOCUMENTATION_COMMENTS = YES;
				CLANG_WARN_EMPTY_BODY = YES;
				CLANG_WARN_ENUM_CONVERSION = YES;
				CLANG_WARN_INFINITE_RECURSION = YES;
				CLANG_WARN_INT_CONVERSION = YES;
				CLANG_WARN_NON_LITERAL_NULL_CONVERSION = YES;
				CLANG_WARN_OBJC_LITERAL_CONVERSION = YES;
				CLANG_WARN_OBJC_ROOT_CLASS = YES_ERROR;
				CLANG_WARN_RANGE_LOOP_ANALYSIS = YES;
				CLANG_WARN_STRICT_PROTOTYPES = YES;
				CLANG_WARN_SUSPICIOUS_MOVE = YES;
				CLANG_WARN_UNGUARDED_AVAILABILITY = YES_AGGRESSIVE;
				CLANG_WARN_UNREACHABLE_CODE = YES;
				CLANG_WARN__DUPLICATE_METHOD_MATCH = YES;
				CODE_SIGN_IDENTITY = "iPhone Developer";
				COPY_PHASE_STRIP = NO;
				DEBUG_INFORMATION_FORMAT = dwarf;
				ENABLE_STRICT_OBJC_MSGSEND = YES;
				ENABLE_TESTABILITY = YES;
				GCC_C_LANGUAGE_STANDARD = gnu11;
				GCC_DYNAMIC_NO_PIC = NO;
				GCC_NO_COMMON_BLOCKS = YES;
				GCC_OPTIMIZATION_LEVEL = 0;
				GCC_PREPROCESSOR_DEFINITIONS = (
					"DEBUG=1",
					"$(inherited)",
				);
				GCC_WARN_64_TO_32_BIT_CONVERSION = YES;
				GCC_WARN_ABOUT_RETURN_TYPE = YES_ERROR;
				GCC_WARN_UNDECLARED_SELECTOR = YES;
				GCC_WARN_UNINITIALIZED_AUTOS = YES_AGGRESSIVE;
				GCC_WARN_UNUSED_FUNCTION = YES;
				GCC_WARN_UNUSED_VARIABLE = YES;
				IPHONEOS_DEPLOYMENT_TARGET = 11.2;
				MTL_ENABLE_DEBUG_INFO = YES;
				ONLY_ACTIVE_ARCH = YES;
				SDKROOT = iphoneos;
				SWIFT_ACTIVE_COMPILATION_CONDITIONS = DEBUG;
				SWIFT_OPTIMIZATION_LEVEL = "-Onone";
			};
			name = Debug;
		};
		7A653AA2202312D1005100BC /* Release */ = {
			isa = XCBuildConfiguration;
			buildSettings = {
				ALWAYS_SEARCH_USER_PATHS = NO;
				CLANG_ANALYZER_NONNULL = YES;
				CLANG_ANALYZER_NUMBER_OBJECT_CONVERSION = YES_AGGRESSIVE;
				CLANG_CXX_LANGUAGE_STANDARD = "gnu++14";
				CLANG_CXX_LIBRARY = "libc++";
				CLANG_ENABLE_MODULES = YES;
				CLANG_ENABLE_OBJC_ARC = YES;
				CLANG_WARN_BLOCK_CAPTURE_AUTORELEASING = YES;
				CLANG_WARN_BOOL_CONVERSION = YES;
				CLANG_WARN_COMMA = YES;
				CLANG_WARN_CONSTANT_CONVERSION = YES;
				CLANG_WARN_DIRECT_OBJC_ISA_USAGE = YES_ERROR;
				CLANG_WARN_DOCUMENTATION_COMMENTS = YES;
				CLANG_WARN_EMPTY_BODY = YES;
				CLANG_WARN_ENUM_CONVERSION = YES;
				CLANG_WARN_INFINITE_RECURSION = YES;
				CLANG_WARN_INT_CONVERSION = YES;
				CLANG_WARN_NON_LITERAL_NULL_CONVERSION = YES;
				CLANG_WARN_OBJC_LITERAL_CONVERSION = YES;
				CLANG_WARN_OBJC_ROOT_CLASS = YES_ERROR;
				CLANG_WARN_RANGE_LOOP_ANALYSIS = YES;
				CLANG_WARN_STRICT_PROTOTYPES = YES;
				CLANG_WARN_SUSPICIOUS_MOVE = YES;
				CLANG_WARN_UNGUARDED_AVAILABILITY = YES_AGGRESSIVE;
				CLANG_WARN_UNREACHABLE_CODE = YES;
				CLANG_WARN__DUPLICATE_METHOD_MATCH = YES;
				CODE_SIGN_IDENTITY = "iPhone Developer";
				COPY_PHASE_STRIP = NO;
				DEBUG_INFORMATION_FORMAT = "dwarf-with-dsym";
				ENABLE_NS_ASSERTIONS = NO;
				ENABLE_STRICT_OBJC_MSGSEND = YES;
				GCC_C_LANGUAGE_STANDARD = gnu11;
				GCC_NO_COMMON_BLOCKS = YES;
				GCC_WARN_64_TO_32_BIT_CONVERSION = YES;
				GCC_WARN_ABOUT_RETURN_TYPE = YES_ERROR;
				GCC_WARN_UNDECLARED_SELECTOR = YES;
				GCC_WARN_UNINITIALIZED_AUTOS = YES_AGGRESSIVE;
				GCC_WARN_UNUSED_FUNCTION = YES;
				GCC_WARN_UNUSED_VARIABLE = YES;
				IPHONEOS_DEPLOYMENT_TARGET = 11.2;
				MTL_ENABLE_DEBUG_INFO = NO;
				SDKROOT = iphoneos;
				SWIFT_OPTIMIZATION_LEVEL = "-Owholemodule";
				VALIDATE_PRODUCT = YES;
			};
			name = Release;
		};
		7A653AA4202312D1005100BC /* Debug */ = {
			isa = XCBuildConfiguration;
			baseConfigurationReference = 88F6D6DCFB665824F21C146C /* Pods-MiWeiApp.debug.xcconfig */;
			buildSettings = {
				ASSETCATALOG_COMPILER_APPICON_NAME = AppIcon;
				CODE_SIGN_STYLE = Automatic;
				DEVELOPMENT_TEAM = 4NHF267VN2;
				INFOPLIST_FILE = MiWeiApp/Info.plist;
				IPHONEOS_DEPLOYMENT_TARGET = 8.0;
				LD_RUNPATH_SEARCH_PATHS = "$(inherited) @executable_path/Frameworks";
				PRODUCT_BUNDLE_IDENTIFIER = LoveHomeAssistantEnterprise.MiWeiApp;
				PRODUCT_NAME = "$(TARGET_NAME)";
				SWIFT_VERSION = 4.0;
				TARGETED_DEVICE_FAMILY = "1,2";
			};
			name = Debug;
		};
		7A653AA5202312D1005100BC /* Release */ = {
			isa = XCBuildConfiguration;
			baseConfigurationReference = 5E4BDA42772DA8D4686C0C60 /* Pods-MiWeiApp.release.xcconfig */;
			buildSettings = {
				ASSETCATALOG_COMPILER_APPICON_NAME = AppIcon;
				CODE_SIGN_STYLE = Automatic;
				DEVELOPMENT_TEAM = 4NHF267VN2;
				INFOPLIST_FILE = MiWeiApp/Info.plist;
				IPHONEOS_DEPLOYMENT_TARGET = 8.0;
				LD_RUNPATH_SEARCH_PATHS = "$(inherited) @executable_path/Frameworks";
				PRODUCT_BUNDLE_IDENTIFIER = LoveHomeAssistantEnterprise.MiWeiApp;
				PRODUCT_NAME = "$(TARGET_NAME)";
				SWIFT_VERSION = 4.0;
				TARGETED_DEVICE_FAMILY = "1,2";
			};
			name = Release;
		};
/* End XCBuildConfiguration section */

/* Begin XCConfigurationList section */
		7A653A8C202312D0005100BC /* Build configuration list for PBXProject "MiWeiApp" */ = {
			isa = XCConfigurationList;
			buildConfigurations = (
				7A653AA1202312D1005100BC /* Debug */,
				7A653AA2202312D1005100BC /* Release */,
			);
			defaultConfigurationIsVisible = 0;
			defaultConfigurationName = Release;
		};
		7A653AA3202312D1005100BC /* Build configuration list for PBXNativeTarget "MiWeiApp" */ = {
			isa = XCConfigurationList;
			buildConfigurations = (
				7A653AA4202312D1005100BC /* Debug */,
				7A653AA5202312D1005100BC /* Release */,
			);
			defaultConfigurationIsVisible = 0;
			defaultConfigurationName = Release;
		};
/* End XCConfigurationList section */
	};
	rootObject = 7A653A89202312D0005100BC /* Project object */;
}
